{
  "name": "amplifyrecipefb7252f0",
  "version": "2.0.0",
  "lockfileVersion": 3,
  "requires": true,
  "packages": {
    "": {
      "name": "amplifyrecipefb7252f0",
      "version": "2.0.0",
      "license": "Apache-2.0",
      "dependencies": {
        "@aws-sdk/client-pinpoint": "^3.391.0"
      },
      "devDependencies": {
        "@types/aws-lambda": "^8.10.92"
      }
    },
    "node_modules/@aws-crypto/crc32": {
      "version": "3.0.0",
      "resolved": "https://registry.npmjs.org/@aws-crypto/crc32/-/crc32-3.0.0.tgz",
      "integrity": "sha512-IzSgsrxUcsrejQbPVilIKy16kAT52EwB6zSaI+M3xxIhKh5+aldEyvI+z6erM7TCLB2BJsFrtHjp6/4/sr+3dA==",
      "dependencies": {
        "@aws-crypto/util": "^3.0.0",
        "@aws-sdk/types": "^3.222.0",
        "tslib": "^1.11.1"
      }
    },
    "node_modules/@aws-crypto/crc32/node_modules/tslib": {
      "version": "1.14.1",
      "resolved": "https://registry.npmjs.org/tslib/-/tslib-1.14.1.tgz",
      "integrity": "sha512-Xni35NKzjgMrwevysHTCArtLDpPvye8zV/0E4EyYn43P7/7qvQwPh9BGkHewbMulVntbigmcT7rdX3BNo9wRJg=="
    },
    "node_modules/@aws-crypto/ie11-detection": {
      "version": "3.0.0",
      "resolved": "https://registry.npmjs.org/@aws-crypto/ie11-detection/-/ie11-detection-3.0.0.tgz",
      "integrity": "sha512-341lBBkiY1DfDNKai/wXM3aujNBkXR7tq1URPQDL9wi3AUbI80NR74uF1TXHMm7po1AcnFk8iu2S2IeU/+/A+Q==",
      "dependencies": {
        "tslib": "^1.11.1"
      }
    },
    "node_modules/@aws-crypto/ie11-detection/node_modules/tslib": {
      "version": "1.14.1",
      "resolved": "https://registry.npmjs.org/tslib/-/tslib-1.14.1.tgz",
      "integrity": "sha512-Xni35NKzjgMrwevysHTCArtLDpPvye8zV/0E4EyYn43P7/7qvQwPh9BGkHewbMulVntbigmcT7rdX3BNo9wRJg=="
    },
    "node_modules/@aws-crypto/sha256-browser": {
      "version": "3.0.0",
      "resolved": "https://registry.npmjs.org/@aws-crypto/sha256-browser/-/sha256-browser-3.0.0.tgz",
      "integrity": "sha512-8VLmW2B+gjFbU5uMeqtQM6Nj0/F1bro80xQXCW6CQBWgosFWXTx77aeOF5CAIAmbOK64SdMBJdNr6J41yP5mvQ==",
      "dependencies": {
        "@aws-crypto/ie11-detection": "^3.0.0",
        "@aws-crypto/sha256-js": "^3.0.0",
        "@aws-crypto/supports-web-crypto": "^3.0.0",
        "@aws-crypto/util": "^3.0.0",
        "@aws-sdk/types": "^3.222.0",
        "@aws-sdk/util-locate-window": "^3.0.0",
        "@aws-sdk/util-utf8-browser": "^3.0.0",
        "tslib": "^1.11.1"
      }
    },
    "node_modules/@aws-crypto/sha256-browser/node_modules/tslib": {
      "version": "1.14.1",
      "resolved": "https://registry.npmjs.org/tslib/-/tslib-1.14.1.tgz",
      "integrity": "sha512-Xni35NKzjgMrwevysHTCArtLDpPvye8zV/0E4EyYn43P7/7qvQwPh9BGkHewbMulVntbigmcT7rdX3BNo9wRJg=="
    },
    "node_modules/@aws-crypto/sha256-js": {
      "version": "3.0.0",
      "resolved": "https://registry.npmjs.org/@aws-crypto/sha256-js/-/sha256-js-3.0.0.tgz",
      "integrity": "sha512-PnNN7os0+yd1XvXAy23CFOmTbMaDxgxXtTKHybrJ39Y8kGzBATgBFibWJKH6BhytLI/Zyszs87xCOBNyBig6vQ==",
      "dependencies": {
        "@aws-crypto/util": "^3.0.0",
        "@aws-sdk/types": "^3.222.0",
        "tslib": "^1.11.1"
      }
    },
    "node_modules/@aws-crypto/sha256-js/node_modules/tslib": {
      "version": "1.14.1",
      "resolved": "https://registry.npmjs.org/tslib/-/tslib-1.14.1.tgz",
      "integrity": "sha512-Xni35NKzjgMrwevysHTCArtLDpPvye8zV/0E4EyYn43P7/7qvQwPh9BGkHewbMulVntbigmcT7rdX3BNo9wRJg=="
    },
    "node_modules/@aws-crypto/supports-web-crypto": {
      "version": "3.0.0",
      "resolved": "https://registry.npmjs.org/@aws-crypto/supports-web-crypto/-/supports-web-crypto-3.0.0.tgz",
      "integrity": "sha512-06hBdMwUAb2WFTuGG73LSC0wfPu93xWwo5vL2et9eymgmu3Id5vFAHBbajVWiGhPO37qcsdCap/FqXvJGJWPIg==",
      "dependencies": {
        "tslib": "^1.11.1"
      }
    },
    "node_modules/@aws-crypto/supports-web-crypto/node_modules/tslib": {
      "version": "1.14.1",
      "resolved": "https://registry.npmjs.org/tslib/-/tslib-1.14.1.tgz",
      "integrity": "sha512-Xni35NKzjgMrwevysHTCArtLDpPvye8zV/0E4EyYn43P7/7qvQwPh9BGkHewbMulVntbigmcT7rdX3BNo9wRJg=="
    },
    "node_modules/@aws-crypto/util": {
      "version": "3.0.0",
      "resolved": "https://registry.npmjs.org/@aws-crypto/util/-/util-3.0.0.tgz",
      "integrity": "sha512-2OJlpeJpCR48CC8r+uKVChzs9Iungj9wkZrl8Z041DWEWvyIHILYKCPNzJghKsivj+S3mLo6BVc7mBNzdxA46w==",
      "dependencies": {
        "@aws-sdk/types": "^3.222.0",
        "@aws-sdk/util-utf8-browser": "^3.0.0",
        "tslib": "^1.11.1"
      }
    },
    "node_modules/@aws-crypto/util/node_modules/tslib": {
      "version": "1.14.1",
      "resolved": "https://registry.npmjs.org/tslib/-/tslib-1.14.1.tgz",
      "integrity": "sha512-Xni35NKzjgMrwevysHTCArtLDpPvye8zV/0E4EyYn43P7/7qvQwPh9BGkHewbMulVntbigmcT7rdX3BNo9wRJg=="
    },
    "node_modules/@aws-sdk/client-pinpoint": {
      "version": "3.391.0",
      "resolved": "https://registry.npmjs.org/@aws-sdk/client-pinpoint/-/client-pinpoint-3.391.0.tgz",
      "integrity": "sha512-8eZShAFMXNazUSgZfKaCRr61AEm7ArLjUmYR9pqmaZE/P6NuTJZsuFZj+eUha4oLURDdIy3ON8oCMk6lE84ZEw==",
      "dependencies": {
        "@aws-crypto/sha256-browser": "3.0.0",
        "@aws-crypto/sha256-js": "3.0.0",
        "@aws-sdk/client-sts": "3.391.0",
        "@aws-sdk/credential-provider-node": "3.391.0",
        "@aws-sdk/middleware-host-header": "3.391.0",
        "@aws-sdk/middleware-logger": "3.391.0",
        "@aws-sdk/middleware-recursion-detection": "3.391.0",
        "@aws-sdk/middleware-signing": "3.391.0",
        "@aws-sdk/middleware-user-agent": "3.391.0",
        "@aws-sdk/types": "3.391.0",
        "@aws-sdk/util-endpoints": "3.391.0",
        "@aws-sdk/util-user-agent-browser": "3.391.0",
        "@aws-sdk/util-user-agent-node": "3.391.0",
        "@smithy/config-resolver": "^2.0.3",
        "@smithy/fetch-http-handler": "^2.0.3",
        "@smithy/hash-node": "^2.0.3",
        "@smithy/invalid-dependency": "^2.0.3",
        "@smithy/middleware-content-length": "^2.0.3",
        "@smithy/middleware-endpoint": "^2.0.3",
        "@smithy/middleware-retry": "^2.0.3",
        "@smithy/middleware-serde": "^2.0.3",
        "@smithy/middleware-stack": "^2.0.0",
        "@smithy/node-config-provider": "^2.0.3",
        "@smithy/node-http-handler": "^2.0.3",
        "@smithy/protocol-http": "^2.0.3",
        "@smithy/smithy-client": "^2.0.3",
        "@smithy/types": "^2.2.0",
        "@smithy/url-parser": "^2.0.3",
        "@smithy/util-base64": "^2.0.0",
        "@smithy/util-body-length-browser": "^2.0.0",
        "@smithy/util-body-length-node": "^2.0.0",
        "@smithy/util-defaults-mode-browser": "^2.0.3",
        "@smithy/util-defaults-mode-node": "^2.0.3",
        "@smithy/util-retry": "^2.0.0",
        "@smithy/util-utf8": "^2.0.0",
        "tslib": "^2.5.0"
      },
      "engines": {
        "node": ">=14.0.0"
      }
    },
    "node_modules/@aws-sdk/client-sso": {
      "version": "3.391.0",
      "resolved": "https://registry.npmjs.org/@aws-sdk/client-sso/-/client-sso-3.391.0.tgz",
      "integrity": "sha512-aT+O1CbWIWYlCtWK6g3ZaMvFNImOgFGurOEPscuedqzG5UQc1bRtRrGYShLyzcZgfXP+s0cKYJqgGeRNoWiwqA==",
      "dependencies": {
        "@aws-crypto/sha256-browser": "3.0.0",
        "@aws-crypto/sha256-js": "3.0.0",
        "@aws-sdk/middleware-host-header": "3.391.0",
        "@aws-sdk/middleware-logger": "3.391.0",
        "@aws-sdk/middleware-recursion-detection": "3.391.0",
        "@aws-sdk/middleware-user-agent": "3.391.0",
        "@aws-sdk/types": "3.391.0",
        "@aws-sdk/util-endpoints": "3.391.0",
        "@aws-sdk/util-user-agent-browser": "3.391.0",
        "@aws-sdk/util-user-agent-node": "3.391.0",
        "@smithy/config-resolver": "^2.0.3",
        "@smithy/fetch-http-handler": "^2.0.3",
        "@smithy/hash-node": "^2.0.3",
        "@smithy/invalid-dependency": "^2.0.3",
        "@smithy/middleware-content-length": "^2.0.3",
        "@smithy/middleware-endpoint": "^2.0.3",
        "@smithy/middleware-retry": "^2.0.3",
        "@smithy/middleware-serde": "^2.0.3",
        "@smithy/middleware-stack": "^2.0.0",
        "@smithy/node-config-provider": "^2.0.3",
        "@smithy/node-http-handler": "^2.0.3",
        "@smithy/protocol-http": "^2.0.3",
        "@smithy/smithy-client": "^2.0.3",
        "@smithy/types": "^2.2.0",
        "@smithy/url-parser": "^2.0.3",
        "@smithy/util-base64": "^2.0.0",
        "@smithy/util-body-length-browser": "^2.0.0",
        "@smithy/util-body-length-node": "^2.0.0",
        "@smithy/util-defaults-mode-browser": "^2.0.3",
        "@smithy/util-defaults-mode-node": "^2.0.3",
        "@smithy/util-retry": "^2.0.0",
        "@smithy/util-utf8": "^2.0.0",
        "tslib": "^2.5.0"
      },
      "engines": {
        "node": ">=14.0.0"
      }
    },
    "node_modules/@aws-sdk/client-sts": {
      "version": "3.391.0",
      "resolved": "https://registry.npmjs.org/@aws-sdk/client-sts/-/client-sts-3.391.0.tgz",
      "integrity": "sha512-y+KmorcUx9o5O99sXVPbhGUpsLpfhzYRaYCqxArLsyzZTCO6XDXMi8vg/xtS+b703j9lWEl5GxAv2oBaEwEnhQ==",
      "dependencies": {
        "@aws-crypto/sha256-browser": "3.0.0",
        "@aws-crypto/sha256-js": "3.0.0",
        "@aws-sdk/credential-provider-node": "3.391.0",
        "@aws-sdk/middleware-host-header": "3.391.0",
        "@aws-sdk/middleware-logger": "3.391.0",
        "@aws-sdk/middleware-recursion-detection": "3.391.0",
        "@aws-sdk/middleware-sdk-sts": "3.391.0",
        "@aws-sdk/middleware-signing": "3.391.0",
        "@aws-sdk/middleware-user-agent": "3.391.0",
        "@aws-sdk/types": "3.391.0",
        "@aws-sdk/util-endpoints": "3.391.0",
        "@aws-sdk/util-user-agent-browser": "3.391.0",
        "@aws-sdk/util-user-agent-node": "3.391.0",
        "@smithy/config-resolver": "^2.0.3",
        "@smithy/fetch-http-handler": "^2.0.3",
        "@smithy/hash-node": "^2.0.3",
        "@smithy/invalid-dependency": "^2.0.3",
        "@smithy/middleware-content-length": "^2.0.3",
        "@smithy/middleware-endpoint": "^2.0.3",
        "@smithy/middleware-retry": "^2.0.3",
        "@smithy/middleware-serde": "^2.0.3",
        "@smithy/middleware-stack": "^2.0.0",
        "@smithy/node-config-provider": "^2.0.3",
        "@smithy/node-http-handler": "^2.0.3",
        "@smithy/protocol-http": "^2.0.3",
        "@smithy/smithy-client": "^2.0.3",
        "@smithy/types": "^2.2.0",
        "@smithy/url-parser": "^2.0.3",
        "@smithy/util-base64": "^2.0.0",
        "@smithy/util-body-length-browser": "^2.0.0",
        "@smithy/util-body-length-node": "^2.0.0",
        "@smithy/util-defaults-mode-browser": "^2.0.3",
        "@smithy/util-defaults-mode-node": "^2.0.3",
        "@smithy/util-retry": "^2.0.0",
        "@smithy/util-utf8": "^2.0.0",
        "fast-xml-parser": "4.2.5",
        "tslib": "^2.5.0"
      },
      "engines": {
        "node": ">=14.0.0"
      }
    },
    "node_modules/@aws-sdk/credential-provider-env": {
      "version": "3.391.0",
      "resolved": "https://registry.npmjs.org/@aws-sdk/credential-provider-env/-/credential-provider-env-3.391.0.tgz",
      "integrity": "sha512-mAzICedcg4bfL0mM5O6QTd9mQ331NLse1DMr6XL21ZZiLB48ej19L7AGV2xq5QwVbqKU3IVv1myRyhvpDM9jMg==",
      "dependencies": {
        "@aws-sdk/types": "3.391.0",
        "@smithy/property-provider": "^2.0.0",
        "@smithy/types": "^2.2.0",
        "tslib": "^2.5.0"
      },
      "engines": {
        "node": ">=14.0.0"
      }
    },
    "node_modules/@aws-sdk/credential-provider-ini": {
      "version": "3.391.0",
      "resolved": "https://registry.npmjs.org/@aws-sdk/credential-provider-ini/-/credential-provider-ini-3.391.0.tgz",
      "integrity": "sha512-DJZmbmRMqNSfSV7UF8eBVhADz16KAMCTxnFuvgioHHfYUTZQEhCxRHI8jJqYWxhLTriS7AuTBIWr+1AIbwsCTA==",
      "dependencies": {
        "@aws-sdk/credential-provider-env": "3.391.0",
        "@aws-sdk/credential-provider-process": "3.391.0",
        "@aws-sdk/credential-provider-sso": "3.391.0",
        "@aws-sdk/credential-provider-web-identity": "3.391.0",
        "@aws-sdk/types": "3.391.0",
        "@smithy/credential-provider-imds": "^2.0.0",
        "@smithy/property-provider": "^2.0.0",
        "@smithy/shared-ini-file-loader": "^2.0.0",
        "@smithy/types": "^2.2.0",
        "tslib": "^2.5.0"
      },
      "engines": {
        "node": ">=14.0.0"
      }
    },
    "node_modules/@aws-sdk/credential-provider-node": {
      "version": "3.391.0",
      "resolved": "https://registry.npmjs.org/@aws-sdk/credential-provider-node/-/credential-provider-node-3.391.0.tgz",
      "integrity": "sha512-LXHQwsTw4WBwRzD9swu8254Hao5MoIaGXIzbhX4EQ84dtOkKYbwiY4pDpLfcHcw3B1lFKkVclMze8WAs4EdEww==",
      "dependencies": {
        "@aws-sdk/credential-provider-env": "3.391.0",
        "@aws-sdk/credential-provider-ini": "3.391.0",
        "@aws-sdk/credential-provider-process": "3.391.0",
        "@aws-sdk/credential-provider-sso": "3.391.0",
        "@aws-sdk/credential-provider-web-identity": "3.391.0",
        "@aws-sdk/types": "3.391.0",
        "@smithy/credential-provider-imds": "^2.0.0",
        "@smithy/property-provider": "^2.0.0",
        "@smithy/shared-ini-file-loader": "^2.0.0",
        "@smithy/types": "^2.2.0",
        "tslib": "^2.5.0"
      },
      "engines": {
        "node": ">=14.0.0"
      }
    },
    "node_modules/@aws-sdk/credential-provider-process": {
      "version": "3.391.0",
      "resolved": "https://registry.npmjs.org/@aws-sdk/credential-provider-process/-/credential-provider-process-3.391.0.tgz",
      "integrity": "sha512-KMlzPlBI+hBmXDo+EoFZdLgCVRkRa9B9iEE6x0+hQQ6g9bW6HI7cDRVdceR1ZoPasSaNAZ9QOXMTIBxTpn0sPQ==",
      "dependencies": {
        "@aws-sdk/types": "3.391.0",
        "@smithy/property-provider": "^2.0.0",
        "@smithy/shared-ini-file-loader": "^2.0.0",
        "@smithy/types": "^2.2.0",
        "tslib": "^2.5.0"
      },
      "engines": {
        "node": ">=14.0.0"
      }
    },
    "node_modules/@aws-sdk/credential-provider-sso": {
      "version": "3.391.0",
      "resolved": "https://registry.npmjs.org/@aws-sdk/credential-provider-sso/-/credential-provider-sso-3.391.0.tgz",
      "integrity": "sha512-FT/WoiRHiKys+FcRwvjui0yKuzNtJdn2uGuI1hYE0gpW1wVmW02ouufLckJTmcw09THUZ4w53OoCVU5OY00p8A==",
      "dependencies": {
        "@aws-sdk/client-sso": "3.391.0",
        "@aws-sdk/token-providers": "3.391.0",
        "@aws-sdk/types": "3.391.0",
        "@smithy/property-provider": "^2.0.0",
        "@smithy/shared-ini-file-loader": "^2.0.0",
        "@smithy/types": "^2.2.0",
        "tslib": "^2.5.0"
      },
      "engines": {
        "node": ">=14.0.0"
      }
    },
    "node_modules/@aws-sdk/credential-provider-web-identity": {
      "version": "3.391.0",
      "resolved": "https://registry.npmjs.org/@aws-sdk/credential-provider-web-identity/-/credential-provider-web-identity-3.391.0.tgz",
      "integrity": "sha512-n0vYg82B8bc4rxKltVbVqclev7hx+elyS9pEnZs3YbnbWJq0qqsznXmDfLqd1TcWpa09PGXcah0nsRDolVThsA==",
      "dependencies": {
        "@aws-sdk/types": "3.391.0",
        "@smithy/property-provider": "^2.0.0",
        "@smithy/types": "^2.2.0",
        "tslib": "^2.5.0"
      },
      "engines": {
        "node": ">=14.0.0"
      }
    },
    "node_modules/@aws-sdk/middleware-host-header": {
      "version": "3.391.0",
      "resolved": "https://registry.npmjs.org/@aws-sdk/middleware-host-header/-/middleware-host-header-3.391.0.tgz",
      "integrity": "sha512-+nyNr0rb2ixY7mU48nibr7L7gsw37y4oELhqgnNKhcjZDJ34imBwKIMFa64n21FdftmhcjR8IdSpzXE9xrkJ8g==",
      "dependencies": {
        "@aws-sdk/types": "3.391.0",
        "@smithy/protocol-http": "^2.0.3",
        "@smithy/types": "^2.2.0",
        "tslib": "^2.5.0"
      },
      "engines": {
        "node": ">=14.0.0"
      }
    },
    "node_modules/@aws-sdk/middleware-logger": {
      "version": "3.391.0",
      "resolved": "https://registry.npmjs.org/@aws-sdk/middleware-logger/-/middleware-logger-3.391.0.tgz",
      "integrity": "sha512-KOwl5zo16b17JDhqILHBStccBQ2w35em7+/6vdkJdUII6OU8aVIFTlIQT9wOUvd4do6biIRBMZG3IK0Rg7mRDQ==",
      "dependencies": {
        "@aws-sdk/types": "3.391.0",
        "@smithy/types": "^2.2.0",
        "tslib": "^2.5.0"
      },
      "engines": {
        "node": ">=14.0.0"
      }
    },
    "node_modules/@aws-sdk/middleware-recursion-detection": {
      "version": "3.391.0",
      "resolved": "https://registry.npmjs.org/@aws-sdk/middleware-recursion-detection/-/middleware-recursion-detection-3.391.0.tgz",
      "integrity": "sha512-hVR3z59G7pX4pjDQs9Ag1tMgbLeGXOzeAAaNP9fEtHSd3KBMAGQgN3K3b9WPjzE2W0EoloHRJMK4qxZErdde2g==",
      "dependencies": {
        "@aws-sdk/types": "3.391.0",
        "@smithy/protocol-http": "^2.0.3",
        "@smithy/types": "^2.2.0",
        "tslib": "^2.5.0"
      },
      "engines": {
        "node": ">=14.0.0"
      }
    },
    "node_modules/@aws-sdk/middleware-sdk-sts": {
      "version": "3.391.0",
      "resolved": "https://registry.npmjs.org/@aws-sdk/middleware-sdk-sts/-/middleware-sdk-sts-3.391.0.tgz",
      "integrity": "sha512-6ZXI3Z4QU+TnT5PwKWloGmRHG81tWeI18/zxf9wWzrO2NhYFvITzEJH0vWLLiXdWtn/BYfLULXtDvkTaepbI5A==",
      "dependencies": {
        "@aws-sdk/middleware-signing": "3.391.0",
        "@aws-sdk/types": "3.391.0",
        "@smithy/types": "^2.2.0",
        "tslib": "^2.5.0"
      },
      "engines": {
        "node": ">=14.0.0"
      }
    },
    "node_modules/@aws-sdk/middleware-signing": {
      "version": "3.391.0",
      "resolved": "https://registry.npmjs.org/@aws-sdk/middleware-signing/-/middleware-signing-3.391.0.tgz",
      "integrity": "sha512-2pAJJlZqaHc0d+cz2FTVrQmWi8ygKfqfczHUo/loCtOaMNtWXBHb/JsLEecs6cXdizy6gi3YsLz6VZYwY4Ssxw==",
      "dependencies": {
        "@aws-sdk/types": "3.391.0",
        "@smithy/property-provider": "^2.0.0",
        "@smithy/protocol-http": "^2.0.3",
        "@smithy/signature-v4": "^2.0.0",
        "@smithy/types": "^2.2.0",
        "@smithy/util-middleware": "^2.0.0",
        "tslib": "^2.5.0"
      },
      "engines": {
        "node": ">=14.0.0"
      }
    },
    "node_modules/@aws-sdk/middleware-user-agent": {
      "version": "3.391.0",
      "resolved": "https://registry.npmjs.org/@aws-sdk/middleware-user-agent/-/middleware-user-agent-3.391.0.tgz",
      "integrity": "sha512-LdK9uMNA14zqRw3B79Mhy7GX36qld/GYo93xuu+lr+AQ98leZEdc6GUbrtNDI3fP1Z8TMQcyHUKBml4/B+wXpQ==",
      "dependencies": {
        "@aws-sdk/types": "3.391.0",
        "@aws-sdk/util-endpoints": "3.391.0",
        "@smithy/protocol-http": "^2.0.3",
        "@smithy/types": "^2.2.0",
        "tslib": "^2.5.0"
      },
      "engines": {
        "node": ">=14.0.0"
      }
    },
    "node_modules/@aws-sdk/token-providers": {
      "version": "3.391.0",
      "resolved": "https://registry.npmjs.org/@aws-sdk/token-providers/-/token-providers-3.391.0.tgz",
      "integrity": "sha512-kgfArsKLDJE71qQjfXiHiM5cZqgDHlMsqEx35+A65GmTWJaS1PGDqu3ZvVVU8E5mxnCCLw7vho21fsjvH6TBpg==",
      "dependencies": {
        "@aws-crypto/sha256-browser": "3.0.0",
        "@aws-crypto/sha256-js": "3.0.0",
        "@aws-sdk/middleware-host-header": "3.391.0",
        "@aws-sdk/middleware-logger": "3.391.0",
        "@aws-sdk/middleware-recursion-detection": "3.391.0",
        "@aws-sdk/middleware-user-agent": "3.391.0",
        "@aws-sdk/types": "3.391.0",
        "@aws-sdk/util-endpoints": "3.391.0",
        "@aws-sdk/util-user-agent-browser": "3.391.0",
        "@aws-sdk/util-user-agent-node": "3.391.0",
        "@smithy/config-resolver": "^2.0.3",
        "@smithy/fetch-http-handler": "^2.0.3",
        "@smithy/hash-node": "^2.0.3",
        "@smithy/invalid-dependency": "^2.0.3",
        "@smithy/middleware-content-length": "^2.0.3",
        "@smithy/middleware-endpoint": "^2.0.3",
        "@smithy/middleware-retry": "^2.0.3",
        "@smithy/middleware-serde": "^2.0.3",
        "@smithy/middleware-stack": "^2.0.0",
        "@smithy/node-config-provider": "^2.0.3",
        "@smithy/node-http-handler": "^2.0.3",
        "@smithy/property-provider": "^2.0.0",
        "@smithy/protocol-http": "^2.0.3",
        "@smithy/shared-ini-file-loader": "^2.0.0",
        "@smithy/smithy-client": "^2.0.3",
        "@smithy/types": "^2.2.0",
        "@smithy/url-parser": "^2.0.3",
        "@smithy/util-base64": "^2.0.0",
        "@smithy/util-body-length-browser": "^2.0.0",
        "@smithy/util-body-length-node": "^2.0.0",
        "@smithy/util-defaults-mode-browser": "^2.0.3",
        "@smithy/util-defaults-mode-node": "^2.0.3",
        "@smithy/util-retry": "^2.0.0",
        "@smithy/util-utf8": "^2.0.0",
        "tslib": "^2.5.0"
      },
      "engines": {
        "node": ">=14.0.0"
      }
    },
    "node_modules/@aws-sdk/types": {
      "version": "3.391.0",
      "resolved": "https://registry.npmjs.org/@aws-sdk/types/-/types-3.391.0.tgz",
      "integrity": "sha512-QpYVFKMOnzHz/JMj/b8wb18qxiT92U/5r5MmtRz2R3LOH6ooTO96k4ozXCrYr0qNed1PAnOj73rPrrH2wnCJKQ==",
      "dependencies": {
        "@smithy/types": "^2.2.0",
        "tslib": "^2.5.0"
      },
      "engines": {
        "node": ">=14.0.0"
      }
    },
    "node_modules/@aws-sdk/util-endpoints": {
      "version": "3.391.0",
      "resolved": "https://registry.npmjs.org/@aws-sdk/util-endpoints/-/util-endpoints-3.391.0.tgz",
      "integrity": "sha512-zv4sYDTQhNxyLoekcE02/nk3xvoo6yCHDy1kDJk0MFxOKaqUB+CvZdQBR4YBLSDlD4o4DUBmdYgKT58FfbM8sQ==",
      "dependencies": {
        "@aws-sdk/types": "3.391.0",
        "tslib": "^2.5.0"
      },
      "engines": {
        "node": ">=14.0.0"
      }
    },
    "node_modules/@aws-sdk/util-locate-window": {
      "version": "3.310.0",
      "resolved": "https://registry.npmjs.org/@aws-sdk/util-locate-window/-/util-locate-window-3.310.0.tgz",
      "integrity": "sha512-qo2t/vBTnoXpjKxlsC2e1gBrRm80M3bId27r0BRB2VniSSe7bL1mmzM+/HFtujm0iAxtPM+aLEflLJlJeDPg0w==",
      "dependencies": {
        "tslib": "^2.5.0"
      },
      "engines": {
        "node": ">=14.0.0"
      }
    },
    "node_modules/@aws-sdk/util-user-agent-browser": {
      "version": "3.391.0",
      "resolved": "https://registry.npmjs.org/@aws-sdk/util-user-agent-browser/-/util-user-agent-browser-3.391.0.tgz",
      "integrity": "sha512-6ipHOB1WdCBNeAMJauN7l2qNE0WLVaTNhkD290/ElXm1FHGTL8yw6lIDIjhIFO1bmbZxDiKApwDiG7ROhaJoxQ==",
      "dependencies": {
        "@aws-sdk/types": "3.391.0",
        "@smithy/types": "^2.2.0",
        "bowser": "^2.11.0",
        "tslib": "^2.5.0"
      }
    },
    "node_modules/@aws-sdk/util-user-agent-node": {
      "version": "3.391.0",
      "resolved": "https://registry.npmjs.org/@aws-sdk/util-user-agent-node/-/util-user-agent-node-3.391.0.tgz",
      "integrity": "sha512-PVvAK/Lf4BdB1eJIZtyFpGSslGQwKpYt9/hKs5NlR+qxBMXU9T0DnTqH4GiXZaazvXr7OUVWitIF2b7iKBMTow==",
      "dependencies": {
        "@aws-sdk/types": "3.391.0",
        "@smithy/node-config-provider": "^2.0.3",
        "@smithy/types": "^2.2.0",
        "tslib": "^2.5.0"
      },
      "engines": {
        "node": ">=14.0.0"
      },
      "peerDependencies": {
        "aws-crt": ">=1.0.0"
      },
      "peerDependenciesMeta": {
        "aws-crt": {
          "optional": true
        }
      }
    },
    "node_modules/@aws-sdk/util-utf8-browser": {
      "version": "3.259.0",
      "resolved": "https://registry.npmjs.org/@aws-sdk/util-utf8-browser/-/util-utf8-browser-3.259.0.tgz",
      "integrity": "sha512-UvFa/vR+e19XookZF8RzFZBrw2EUkQWxiBW0yYQAhvk3C+QVGl0H3ouca8LDBlBfQKXwmW3huo/59H8rwb1wJw==",
      "dependencies": {
        "tslib": "^2.3.1"
      }
    },
    "node_modules/@smithy/abort-controller": {
      "version": "2.0.4",
      "resolved": "https://registry.npmjs.org/@smithy/abort-controller/-/abort-controller-2.0.4.tgz",
      "integrity": "sha512-3+3/xRQ0K/NFVtKSiTGsUa3muZnVaBmHrLNgxwoBLZO9rNhwZtjjjf7pFJ6aoucoul/c/w3xobRkgi8F9MWX8Q==",
      "dependencies": {
        "@smithy/types": "^2.2.1",
        "tslib": "^2.5.0"
      },
      "engines": {
        "node": ">=14.0.0"
      }
    },
    "node_modules/@smithy/config-resolver": {
      "version": "2.0.4",
      "resolved": "https://registry.npmjs.org/@smithy/config-resolver/-/config-resolver-2.0.4.tgz",
      "integrity": "sha512-JtKWIKoCFeOY5JGQeEl81AKdIpzeLLSjSMmO5yoKqc58Yn3cxmteylT6Elba3FgAHjK1OthARRXz5JXaKKRB7g==",
      "dependencies": {
        "@smithy/types": "^2.2.1",
        "@smithy/util-config-provider": "^2.0.0",
        "@smithy/util-middleware": "^2.0.0",
        "tslib": "^2.5.0"
      },
      "engines": {
        "node": ">=14.0.0"
      }
    },
    "node_modules/@smithy/credential-provider-imds": {
      "version": "2.0.4",
      "resolved": "https://registry.npmjs.org/@smithy/credential-provider-imds/-/credential-provider-imds-2.0.4.tgz",
      "integrity": "sha512-vW7xoDKZwjjf/2GCwVf/uvZce/QJOAYan9r8UsqlzOrnnpeS2ffhxeZjLK0/emZu8n6qU3amGgZ/BTo3oVtEyQ==",
      "dependencies": {
        "@smithy/node-config-provider": "^2.0.4",
        "@smithy/property-provider": "^2.0.4",
        "@smithy/types": "^2.2.1",
        "@smithy/url-parser": "^2.0.4",
        "tslib": "^2.5.0"
      },
      "engines": {
        "node": ">=14.0.0"
      }
    },
    "node_modules/@smithy/eventstream-codec": {
      "version": "2.0.4",
      "resolved": "https://registry.npmjs.org/@smithy/eventstream-codec/-/eventstream-codec-2.0.4.tgz",
      "integrity": "sha512-DkVLcQjhOxPj/4pf2hNj2kvOeoLczirHe57g7czMNJCUBvg9cpU9hNgqS37Y5sjdEtMSa2oTyCS5oeHZtKgoIw==",
      "dependencies": {
        "@aws-crypto/crc32": "3.0.0",
        "@smithy/types": "^2.2.1",
        "@smithy/util-hex-encoding": "^2.0.0",
        "tslib": "^2.5.0"
      }
    },
    "node_modules/@smithy/fetch-http-handler": {
      "version": "2.0.4",
      "resolved": "https://registry.npmjs.org/@smithy/fetch-http-handler/-/fetch-http-handler-2.0.4.tgz",
      "integrity": "sha512-1dwR8T+QMe5Gs60NpZgF7ReZp0SXz1O/aX5BdDhsOJh72fi3Bx2UZlDihCdb++9vPyBRMXFRF7I8/C4x8iIm8A==",
      "dependencies": {
        "@smithy/protocol-http": "^2.0.4",
        "@smithy/querystring-builder": "^2.0.4",
        "@smithy/types": "^2.2.1",
        "@smithy/util-base64": "^2.0.0",
        "tslib": "^2.5.0"
      }
    },
    "node_modules/@smithy/hash-node": {
      "version": "2.0.4",
      "resolved": "https://registry.npmjs.org/@smithy/hash-node/-/hash-node-2.0.4.tgz",
      "integrity": "sha512-vZ6a/fvEAFJKNtxJsn0I2WM8uBdypLLhLTpP4BA6fRsBAtwIl5S4wTt0Hspy6uGNn/74LmCxGmFSTMMbSd7ZDA==",
      "dependencies": {
        "@smithy/types": "^2.2.1",
        "@smithy/util-buffer-from": "^2.0.0",
        "@smithy/util-utf8": "^2.0.0",
        "tslib": "^2.5.0"
      },
      "engines": {
        "node": ">=14.0.0"
      }
    },
    "node_modules/@smithy/invalid-dependency": {
      "version": "2.0.4",
      "resolved": "https://registry.npmjs.org/@smithy/invalid-dependency/-/invalid-dependency-2.0.4.tgz",
      "integrity": "sha512-zfbPPZFiZvhIXJYKlzQwDUnxmWK/SmyDcM6iQJRZHU2jQZAzhHUXFGIu2lKH9L02VUqysOgQi3S/HY4fhrVT8w==",
      "dependencies": {
        "@smithy/types": "^2.2.1",
        "tslib": "^2.5.0"
      }
    },
    "node_modules/@smithy/is-array-buffer": {
      "version": "2.0.0",
      "resolved": "https://registry.npmjs.org/@smithy/is-array-buffer/-/is-array-buffer-2.0.0.tgz",
      "integrity": "sha512-z3PjFjMyZNI98JFRJi/U0nGoLWMSJlDjAW4QUX2WNZLas5C0CmVV6LJ01JI0k90l7FvpmixjWxPFmENSClQ7ug==",
      "dependencies": {
        "tslib": "^2.5.0"
      },
      "engines": {
        "node": ">=14.0.0"
      }
    },
    "node_modules/@smithy/middleware-content-length": {
      "version": "2.0.4",
      "resolved": "https://registry.npmjs.org/@smithy/middleware-content-length/-/middleware-content-length-2.0.4.tgz",
      "integrity": "sha512-Pdd+fhRbvizqsgYJ0pLWE6hjhq42wDFWzMj/1T7mEY9tG9bP6/AcdsQK8SAOckrBLURDoeSqTAwPKalsgcZBxw==",
      "dependencies": {
        "@smithy/protocol-http": "^2.0.4",
        "@smithy/types": "^2.2.1",
        "tslib": "^2.5.0"
      },
      "engines": {
        "node": ">=14.0.0"
      }
    },
    "node_modules/@smithy/middleware-endpoint": {
      "version": "2.0.4",
      "resolved": "https://registry.npmjs.org/@smithy/middleware-endpoint/-/middleware-endpoint-2.0.4.tgz",
      "integrity": "sha512-aLPqkqKjZQ1V718P0Ostpp53nWfwK32uD0HFKSAOT25RvL285dqzGl0PAKDXpyLsPsPmHe0Yrg0AUFkRv4CRbQ==",
      "dependencies": {
        "@smithy/middleware-serde": "^2.0.4",
        "@smithy/types": "^2.2.1",
        "@smithy/url-parser": "^2.0.4",
        "@smithy/util-middleware": "^2.0.0",
        "tslib": "^2.5.0"
      },
      "engines": {
        "node": ">=14.0.0"
      }
    },
    "node_modules/@smithy/middleware-retry": {
      "version": "2.0.4",
      "resolved": "https://registry.npmjs.org/@smithy/middleware-retry/-/middleware-retry-2.0.4.tgz",
      "integrity": "sha512-stozO6NgH9W/OSfFMOJEtlJCsnJFSoGyV4LHzIVQeXTzZ2RHjmytQ/Ez7GngHGZ1YsB4zxE1qDTXAU0AlaKf2w==",
      "dependencies": {
        "@smithy/protocol-http": "^2.0.4",
        "@smithy/service-error-classification": "^2.0.0",
        "@smithy/types": "^2.2.1",
        "@smithy/util-middleware": "^2.0.0",
        "@smithy/util-retry": "^2.0.0",
        "tslib": "^2.5.0",
        "uuid": "^8.3.2"
      },
      "engines": {
        "node": ">=14.0.0"
      }
    },
    "node_modules/@smithy/middleware-serde": {
      "version": "2.0.4",
      "resolved": "https://registry.npmjs.org/@smithy/middleware-serde/-/middleware-serde-2.0.4.tgz",
      "integrity": "sha512-oDttJMMES7yXmopjQHnqTkxu8vZOdjB9VpSj94Ff4/GXdKQH7ozKLNIPq4C568nbeQbBt/gsLb6Ttbx1+j+JPQ==",
      "dependencies": {
        "@smithy/types": "^2.2.1",
        "tslib": "^2.5.0"
      },
      "engines": {
        "node": ">=14.0.0"
      }
    },
    "node_modules/@smithy/middleware-stack": {
      "version": "2.0.0",
      "resolved": "https://registry.npmjs.org/@smithy/middleware-stack/-/middleware-stack-2.0.0.tgz",
      "integrity": "sha512-31XC1xNF65nlbc16yuh3wwTudmqs6qy4EseQUGF8A/p2m/5wdd/cnXJqpniy/XvXVwkHPz/GwV36HqzHtIKATQ==",
      "dependencies": {
        "tslib": "^2.5.0"
      },
      "engines": {
        "node": ">=14.0.0"
      }
    },
    "node_modules/@smithy/node-config-provider": {
      "version": "2.0.4",
      "resolved": "https://registry.npmjs.org/@smithy/node-config-provider/-/node-config-provider-2.0.4.tgz",
      "integrity": "sha512-s9O90cEhkpzZulvdHBBaroZ6AJ5uV6qtmycgYKP1yOCSfPHGIWYwaULdbfxraUsvzCcnMosDNkfckqXYoKI6jw==",
      "dependencies": {
        "@smithy/property-provider": "^2.0.4",
        "@smithy/shared-ini-file-loader": "^2.0.4",
        "@smithy/types": "^2.2.1",
        "tslib": "^2.5.0"
      },
      "engines": {
        "node": ">=14.0.0"
      }
    },
    "node_modules/@smithy/node-http-handler": {
      "version": "2.0.4",
      "resolved": "https://registry.npmjs.org/@smithy/node-http-handler/-/node-http-handler-2.0.4.tgz",
      "integrity": "sha512-svqeqkGgQz1B2m3IurHtp1O8vfuUGbqw6vynFmOrvPirRdiIPukHTZW1GN/JuBCtDpq9mNPutSVipfz2n4sZbQ==",
      "dependencies": {
        "@smithy/abort-controller": "^2.0.4",
        "@smithy/protocol-http": "^2.0.4",
        "@smithy/querystring-builder": "^2.0.4",
        "@smithy/types": "^2.2.1",
        "tslib": "^2.5.0"
      },
      "engines": {
        "node": ">=14.0.0"
      }
    },
    "node_modules/@smithy/property-provider": {
      "version": "2.0.4",
      "resolved": "https://registry.npmjs.org/@smithy/property-provider/-/property-provider-2.0.4.tgz",
      "integrity": "sha512-OfaUIhnyvOkuCPHWMPkJqX++dUaDKsiZWuZqCdU04Z9dNAl2TtZAh7dw2rsZGb57vq6YH3PierNrDfQJTAKYtg==",
      "dependencies": {
        "@smithy/types": "^2.2.1",
        "tslib": "^2.5.0"
      },
      "engines": {
        "node": ">=14.0.0"
      }
    },
    "node_modules/@smithy/protocol-http": {
      "version": "2.0.4",
      "resolved": "https://registry.npmjs.org/@smithy/protocol-http/-/protocol-http-2.0.4.tgz",
      "integrity": "sha512-I1vCZ/m1U424gA9TXkL/pJ3HlRfujY8+Oj3GfDWcrNiWVmAeyx3CTvXw+yMHp2X01BOOu5fnyAa6JwAn1O+txA==",
      "dependencies": {
        "@smithy/types": "^2.2.1",
        "tslib": "^2.5.0"
      },
      "engines": {
        "node": ">=14.0.0"
      }
    },
    "node_modules/@smithy/querystring-builder": {
      "version": "2.0.4",
      "resolved": "https://registry.npmjs.org/@smithy/querystring-builder/-/querystring-builder-2.0.4.tgz",
      "integrity": "sha512-Jc7UPx1pNeisYcABkoo2Pn4kvomy1UI7uxv7R+1W3806KMAKgYHutWmZG01aPHu2XH0zY2RF2KfGiuialsxHvA==",
      "dependencies": {
        "@smithy/types": "^2.2.1",
        "@smithy/util-uri-escape": "^2.0.0",
        "tslib": "^2.5.0"
      },
      "engines": {
        "node": ">=14.0.0"
      }
    },
    "node_modules/@smithy/querystring-parser": {
      "version": "2.0.4",
      "resolved": "https://registry.npmjs.org/@smithy/querystring-parser/-/querystring-parser-2.0.4.tgz",
      "integrity": "sha512-Uh6+PhGxSo17qe2g/JlyoekvTHKn7dYWfmHqUzPAvkW+dHlc3DNVG3++PV48z33lCo5YDVBBturWQ9N/TKn+EA==",
      "dependencies": {
        "@smithy/types": "^2.2.1",
        "tslib": "^2.5.0"
      },
      "engines": {
        "node": ">=14.0.0"
      }
    },
    "node_modules/@smithy/service-error-classification": {
      "version": "2.0.0",
      "resolved": "https://registry.npmjs.org/@smithy/service-error-classification/-/service-error-classification-2.0.0.tgz",
      "integrity": "sha512-2z5Nafy1O0cTf69wKyNjGW/sNVMiqDnb4jgwfMG8ye8KnFJ5qmJpDccwIbJNhXIfbsxTg9SEec2oe1cexhMJvw==",
      "engines": {
        "node": ">=14.0.0"
      }
    },
    "node_modules/@smithy/shared-ini-file-loader": {
      "version": "2.0.4",
      "resolved": "https://registry.npmjs.org/@smithy/shared-ini-file-loader/-/shared-ini-file-loader-2.0.4.tgz",
      "integrity": "sha512-091yneupXnSqvAU+vLG7h0g4QRRO6TjulpECXYVU6yW/LiNp7QE533DBpaphmbtI6tTC4EfGrhn35gTa0w+GQg==",
      "dependencies": {
        "@smithy/types": "^2.2.1",
        "tslib": "^2.5.0"
      },
      "engines": {
        "node": ">=14.0.0"
      }
    },
    "node_modules/@smithy/signature-v4": {
      "version": "2.0.4",
      "resolved": "https://registry.npmjs.org/@smithy/signature-v4/-/signature-v4-2.0.4.tgz",
      "integrity": "sha512-y2xblkS0hb44QJDn9YjPp5aRFYSiI7w0bI3tATE3ybOrII2fppqD0SE3zgvew/B/3rTunuiCW+frTD0W4UYb9Q==",
      "dependencies": {
        "@smithy/eventstream-codec": "^2.0.4",
        "@smithy/is-array-buffer": "^2.0.0",
        "@smithy/types": "^2.2.1",
        "@smithy/util-hex-encoding": "^2.0.0",
        "@smithy/util-middleware": "^2.0.0",
        "@smithy/util-uri-escape": "^2.0.0",
        "@smithy/util-utf8": "^2.0.0",
        "tslib": "^2.5.0"
      },
      "engines": {
        "node": ">=14.0.0"
      }
    },
    "node_modules/@smithy/smithy-client": {
      "version": "2.0.4",
      "resolved": "https://registry.npmjs.org/@smithy/smithy-client/-/smithy-client-2.0.4.tgz",
      "integrity": "sha512-Dg1dkqyj3jwa03RFs6E4ASmfQ7CjplbGISJIJNSt3F8NfIid2RalbeCMOIHK7VagKh9qngZNyoKxObZC9LB9Lg==",
      "dependencies": {
        "@smithy/middleware-stack": "^2.0.0",
        "@smithy/types": "^2.2.1",
        "@smithy/util-stream": "^2.0.4",
        "tslib": "^2.5.0"
      },
      "engines": {
        "node": ">=14.0.0"
      }
    },
    "node_modules/@smithy/types": {
      "version": "2.2.1",
      "resolved": "https://registry.npmjs.org/@smithy/types/-/types-2.2.1.tgz",
      "integrity": "sha512-6nyDOf027ZeJiQVm6PXmLm7dR+hR2YJUkr4VwUniXA8xZUGAu5Mk0zfx2BPFrt+e5YauvlIqQoH0CsrM4tLkfg==",
      "dependencies": {
        "tslib": "^2.5.0"
      },
      "engines": {
        "node": ">=14.0.0"
      }
    },
    "node_modules/@smithy/url-parser": {
      "version": "2.0.4",
      "resolved": "https://registry.npmjs.org/@smithy/url-parser/-/url-parser-2.0.4.tgz",
      "integrity": "sha512-puIQ6+TJpI2AAPw7IGdGG6d2DEcVP5nJqa1VjrxzUcy2Jx7LtGn+gDHY2o9Pc9vQkmoicovTEKgvv7CdqP+0gg==",
      "dependencies": {
        "@smithy/querystring-parser": "^2.0.4",
        "@smithy/types": "^2.2.1",
        "tslib": "^2.5.0"
      }
    },
    "node_modules/@smithy/util-base64": {
      "version": "2.0.0",
      "resolved": "https://registry.npmjs.org/@smithy/util-base64/-/util-base64-2.0.0.tgz",
      "integrity": "sha512-Zb1E4xx+m5Lud8bbeYi5FkcMJMnn+1WUnJF3qD7rAdXpaL7UjkFQLdmW5fHadoKbdHpwH9vSR8EyTJFHJs++tA==",
      "dependencies": {
        "@smithy/util-buffer-from": "^2.0.0",
        "tslib": "^2.5.0"
      },
      "engines": {
        "node": ">=14.0.0"
      }
    },
    "node_modules/@smithy/util-body-length-browser": {
      "version": "2.0.0",
      "resolved": "https://registry.npmjs.org/@smithy/util-body-length-browser/-/util-body-length-browser-2.0.0.tgz",
      "integrity": "sha512-JdDuS4ircJt+FDnaQj88TzZY3+njZ6O+D3uakS32f2VNnDo3vyEuNdBOh/oFd8Df1zSZOuH1HEChk2AOYDezZg==",
      "dependencies": {
        "tslib": "^2.5.0"
      }
    },
    "node_modules/@smithy/util-body-length-node": {
      "version": "2.0.0",
      "resolved": "https://registry.npmjs.org/@smithy/util-body-length-node/-/util-body-length-node-2.0.0.tgz",
      "integrity": "sha512-ZV7Z/WHTMxHJe/xL/56qZwSUcl63/5aaPAGjkfynJm4poILjdD4GmFI+V+YWabh2WJIjwTKZ5PNsuvPQKt93Mg==",
      "dependencies": {
        "tslib": "^2.5.0"
      },
      "engines": {
        "node": ">=14.0.0"
      }
    },
    "node_modules/@smithy/util-buffer-from": {
      "version": "2.0.0",
      "resolved": "https://registry.npmjs.org/@smithy/util-buffer-from/-/util-buffer-from-2.0.0.tgz",
      "integrity": "sha512-/YNnLoHsR+4W4Vf2wL5lGv0ksg8Bmk3GEGxn2vEQt52AQaPSCuaO5PM5VM7lP1K9qHRKHwrPGktqVoAHKWHxzw==",
      "dependencies": {
        "@smithy/is-array-buffer": "^2.0.0",
        "tslib": "^2.5.0"
      },
      "engines": {
        "node": ">=14.0.0"
      }
    },
    "node_modules/@smithy/util-config-provider": {
      "version": "2.0.0",
      "resolved": "https://registry.npmjs.org/@smithy/util-config-provider/-/util-config-provider-2.0.0.tgz",
      "integrity": "sha512-xCQ6UapcIWKxXHEU4Mcs2s7LcFQRiU3XEluM2WcCjjBtQkUN71Tb+ydGmJFPxMUrW/GWMgQEEGipLym4XG0jZg==",
      "dependencies": {
        "tslib": "^2.5.0"
      },
      "engines": {
        "node": ">=14.0.0"
      }
    },
    "node_modules/@smithy/util-defaults-mode-browser": {
      "version": "2.0.4",
      "resolved": "https://registry.npmjs.org/@smithy/util-defaults-mode-browser/-/util-defaults-mode-browser-2.0.4.tgz",
      "integrity": "sha512-wGdnPt4Ng72duUd97HrlqVkq6DKVB/yjaGkSg5n3uuQKzzHjoi3OdjXGumD/VYPHz0dYd7wpLNG2CnMm/nfDrg==",
      "dependencies": {
        "@smithy/property-provider": "^2.0.4",
        "@smithy/types": "^2.2.1",
        "bowser": "^2.11.0",
        "tslib": "^2.5.0"
      },
      "engines": {
        "node": ">= 10.0.0"
      }
    },
    "node_modules/@smithy/util-defaults-mode-node": {
      "version": "2.0.4",
      "resolved": "https://registry.npmjs.org/@smithy/util-defaults-mode-node/-/util-defaults-mode-node-2.0.4.tgz",
      "integrity": "sha512-QMkNcV6x52BeeeIvhvow6UmOu7nP7DXQljY6DKOP/aAokrli53IWTP/kUTd9B0Mp9tbW3WC10O6zaM69xiMNYw==",
      "dependencies": {
        "@smithy/config-resolver": "^2.0.4",
        "@smithy/credential-provider-imds": "^2.0.4",
        "@smithy/node-config-provider": "^2.0.4",
        "@smithy/property-provider": "^2.0.4",
        "@smithy/types": "^2.2.1",
        "tslib": "^2.5.0"
      },
      "engines": {
        "node": ">= 10.0.0"
      }
    },
    "node_modules/@smithy/util-hex-encoding": {
      "version": "2.0.0",
      "resolved": "https://registry.npmjs.org/@smithy/util-hex-encoding/-/util-hex-encoding-2.0.0.tgz",
      "integrity": "sha512-c5xY+NUnFqG6d7HFh1IFfrm3mGl29lC+vF+geHv4ToiuJCBmIfzx6IeHLg+OgRdPFKDXIw6pvi+p3CsscaMcMA==",
      "dependencies": {
        "tslib": "^2.5.0"
      },
      "engines": {
        "node": ">=14.0.0"
      }
    },
    "node_modules/@smithy/util-middleware": {
      "version": "2.0.0",
      "resolved": "https://registry.npmjs.org/@smithy/util-middleware/-/util-middleware-2.0.0.tgz",
      "integrity": "sha512-eCWX4ECuDHn1wuyyDdGdUWnT4OGyIzV0LN1xRttBFMPI9Ff/4heSHVxneyiMtOB//zpXWCha1/SWHJOZstG7kA==",
      "dependencies": {
        "tslib": "^2.5.0"
      },
      "engines": {
        "node": ">=14.0.0"
      }
    },
    "node_modules/@smithy/util-retry": {
      "version": "2.0.0",
      "resolved": "https://registry.npmjs.org/@smithy/util-retry/-/util-retry-2.0.0.tgz",
      "integrity": "sha512-/dvJ8afrElasuiiIttRJeoS2sy8YXpksQwiM/TcepqdRVp7u4ejd9C4IQURHNjlfPUT7Y6lCDSa2zQJbdHhVTg==",
      "dependencies": {
        "@smithy/service-error-classification": "^2.0.0",
        "tslib": "^2.5.0"
      },
      "engines": {
        "node": ">= 14.0.0"
      }
    },
    "node_modules/@smithy/util-stream": {
      "version": "2.0.4",
      "resolved": "https://registry.npmjs.org/@smithy/util-stream/-/util-stream-2.0.4.tgz",
      "integrity": "sha512-ZVje79afuv3DB1Ma/g5m/5v9Zda8nA0xNgvE1pOD3EnoTp/Ekch1z20AN6gfVsf7JYWK2VSMVDiqI9N8Ua4wbg==",
      "dependencies": {
        "@smithy/fetch-http-handler": "^2.0.4",
        "@smithy/node-http-handler": "^2.0.4",
        "@smithy/types": "^2.2.1",
        "@smithy/util-base64": "^2.0.0",
        "@smithy/util-buffer-from": "^2.0.0",
        "@smithy/util-hex-encoding": "^2.0.0",
        "@smithy/util-utf8": "^2.0.0",
        "tslib": "^2.5.0"
      },
      "engines": {
        "node": ">=14.0.0"
      }
    },
    "node_modules/@smithy/util-uri-escape": {
      "version": "2.0.0",
      "resolved": "https://registry.npmjs.org/@smithy/util-uri-escape/-/util-uri-escape-2.0.0.tgz",
      "integrity": "sha512-ebkxsqinSdEooQduuk9CbKcI+wheijxEb3utGXkCoYQkJnwTnLbH1JXGimJtUkQwNQbsbuYwG2+aFVyZf5TLaw==",
      "dependencies": {
        "tslib": "^2.5.0"
      },
      "engines": {
        "node": ">=14.0.0"
      }
    },
    "node_modules/@smithy/util-utf8": {
      "version": "2.0.0",
      "resolved": "https://registry.npmjs.org/@smithy/util-utf8/-/util-utf8-2.0.0.tgz",
      "integrity": "sha512-rctU1VkziY84n5OXe3bPNpKR001ZCME2JCaBBFgtiM2hfKbHFudc/BkMuPab8hRbLd0j3vbnBTTZ1igBf0wgiQ==",
      "dependencies": {
        "@smithy/util-buffer-from": "^2.0.0",
        "tslib": "^2.5.0"
      },
      "engines": {
        "node": ">=14.0.0"
      }
    },
    "node_modules/@types/aws-lambda": {
      "version": "8.10.119",
      "resolved": "https://registry.npmjs.org/@types/aws-lambda/-/aws-lambda-8.10.119.tgz",
      "integrity": "sha512-Vqm22aZrCvCd6I5g1SvpW151jfqwTzEZ7XJ3yZ6xaZG31nUEOEyzzVImjRcsN8Wi/QyPxId/x8GTtgIbsy8kEw==",
      "dev": true
    },
    "node_modules/bowser": {
      "version": "2.11.0",
      "resolved": "https://registry.npmjs.org/bowser/-/bowser-2.11.0.tgz",
      "integrity": "sha512-AlcaJBi/pqqJBIQ8U9Mcpc9i8Aqxn88Skv5d+xBX006BY5u8N3mGLHa5Lgppa7L/HfwgwLgZ6NYs+Ag6uUmJRA=="
    },
    "node_modules/fast-xml-parser": {
      "version": "4.2.5",
      "resolved": "https://registry.npmjs.org/fast-xml-parser/-/fast-xml-parser-4.2.5.tgz",
      "integrity": "sha512-B9/wizE4WngqQftFPmdaMYlXoJlJOYxGQOanC77fq9k8+Z0v5dDSVh+3glErdIROP//s/jgb7ZuxKfB8nVyo0g==",
      "funding": [
        {
          "type": "paypal",
          "url": "https://paypal.me/naturalintelligence"
        },
        {
          "type": "github",
          "url": "https://github.com/sponsors/NaturalIntelligence"
        }
      ],
      "dependencies": {
        "strnum": "^1.0.5"
      },
      "bin": {
        "fxparser": "src/cli/cli.js"
      }
    },
    "node_modules/strnum": {
      "version": "1.0.5",
      "resolved": "https://registry.npmjs.org/strnum/-/strnum-1.0.5.tgz",
      "integrity": "sha512-J8bbNyKKXl5qYcR36TIO8W3mVGVHrmmxsd5PAItGkmyzwJvybiw2IVq5nqd0i4LSNSkB/sx9VHllbfFdr9k1JA=="
    },
    "node_modules/tslib": {
      "version": "2.6.1",
      "resolved": "https://registry.npmjs.org/tslib/-/tslib-2.6.1.tgz",
      "integrity": "sha512-t0hLfiEKfMUoqhG+U1oid7Pva4bbDPHYfJNiB7BiIjRkj1pyC++4N3huJfqY6aRH6VTB0rvtzQwjM4K6qpfOig=="
    },
    "node_modules/uuid": {
      "version": "8.3.2",
      "resolved": "https://registry.npmjs.org/uuid/-/uuid-8.3.2.tgz",
      "integrity": "sha512-+NYs2QeMWy+GWFOEm9xnn6HCDp0l7QBD7ml8zLUmJ+93Q5NF0NocErnwkTkXVFNiX3/fpC6afS8Dhb/gz7R7eg==",
      "bin": {
        "uuid": "dist/bin/uuid"
      }
    }
  }
}
